
Microsoft Visual Studio Solution File, Format Version 12.00
# Visual Studio Version 16
VisualStudioVersion = 16.0.33927.289
MinimumVisualStudioVersion = 10.0.40219.1
Project("{2150E333-8FDC-42A3-9474-1A3956D46DE8}") = "Task0", "Task0", "{D3C30D4C-E7C6-4972-8112-FCB2EEC9FD33}"
EndProject
Project("{FAE04EC0-301F-11D3-BF4B-00C04F79EFBC}") = "Tyuiu.KasenovAE.Sprint0.Task0.V0", "Tyuiu.KasenovAE.Sprint0.Task0.V0\Tyuiu.KasenovAE.Sprint0.Task0.V0.csproj", "{F1477A45-0857-477A-8CA3-CA2615C6CF1C}"
EndProject
Project("{2150E333-8FDC-42A3-9474-1A3956D46DE8}") = "Task1", "Task1", "{2BCC2315-8597-4726-9F7A-16D2509CCEA0}"
EndProject
Project("{FAE04EC0-301F-11D3-BF4B-00C04F79EFBC}") = "Tyuiu.KasenovAE.Sprint0.Task1.V0", "Tyuiu.KasenovAE.Sprint0.Task1.V0\Tyuiu.KasenovAE.Sprint0.Task1.V0.csproj", "{B90DACE0-1215-472B-A52A-D4EB3CD00B07}"
EndProject
Project("{2150E333-8FDC-42A3-9474-1A3956D46DE8}") = "Task2", "Task2", "{17D1AA02-EAD4-4DB8-BCB9-913D890B5AB5}"
EndProject
Project("{FAE04EC0-301F-11D3-BF4B-00C04F79EFBC}") = "Tyuiu.KasenovAE.Sprint0.Task2.V0", "Tyuiu.KasenovAE.Sprint0.Task2.V0\Tyuiu.KasenovAE.Sprint0.Task2.V0.csproj", "{A17984EB-5AD8-4BB8-BD4B-4526166929D1}"
EndProject
Project("{FAE04EC0-301F-11D3-BF4B-00C04F79EFBC}") = "Tyuiu.KasenovAE.Sprint0.Task2.V0.Lib", "Tyuiu.KasenovAE.Sprint0.Task2.V0.Lib\Tyuiu.KasenovAE.Sprint0.Task2.V0.Lib.csproj", "{F77F6FE3-3583-493D-B688-6CD1C31EF990}"
EndProject
Project("{FAE04EC0-301F-11D3-BF4B-00C04F79EFBC}") = "Tyuiu.KasenovAE.Sprint0.Task2.V0.Test", "Tyuiu.KasenovAE.Sprint0.Task2.V0.Test\Tyuiu.KasenovAE.Sprint0.Task2.V0.Test.csproj", "{C84E7407-012B-427D-A5CA-171B94743FF8}"
EndProject
Project("{2150E333-8FDC-42A3-9474-1A3956D46DE8}") = "Task3", "Task3", "{9D511894-4A54-42F2-9FCB-1D97B4F2F8B2}"
EndProject
Project("{FAE04EC0-301F-11D3-BF4B-00C04F79EFBC}") = "Tyuiu.KasenovAE.Sprint0.Task3.V0.Test", "Tyuiu.KasenovAE.Sprint0.Task3.V0.Test\Tyuiu.KasenovAE.Sprint0.Task3.V0.Test.csproj", "{DBA489FC-EBAE-440C-BB6F-4D5FDEB56EDC}"
EndProject
Project("{FAE04EC0-301F-11D3-BF4B-00C04F79EFBC}") = "Tyuiu.KasenovAE.Sprint0.Task3.V0.Lib", "Tyuiu.KasenovAE.Sprint0.Task3.V0.Lib\Tyuiu.KasenovAE.Sprint0.Task3.V0.Lib.csproj", "{5DF8423A-566A-4B88-9F0C-F9AE8AB0F9CF}"
EndProject
Project("{FAE04EC0-301F-11D3-BF4B-00C04F79EFBC}") = "Tyuiu.KasenovAE.Sprint0.Task3.V0", "Tyuiu.KasenovAE.Sprint0.Task3.V0\Tyuiu.KasenovAE.Sprint0.Task3.V0.csproj", "{867D8895-2631-4E03-884C-BC9CE3FEA819}"
EndProject
Project("{2150E333-8FDC-42A3-9474-1A3956D46DE8}") = "Task4", "Task4", "{B6E39531-40CC-43B3-B280-94663DD3C028}"
EndProject
Project("{FAE04EC0-301F-11D3-BF4B-00C04F79EFBC}") = "Tyuiu.KasenovAE.Sprint0.Task4.V0", "Tyuiu.KasenovAE.Sprint0.Task4.V0\Tyuiu.KasenovAE.Sprint0.Task4.V0.csproj", "{2376F0C0-3F57-42B3-B55E-78984DB0FABC}"
EndProject
Project("{FAE04EC0-301F-11D3-BF4B-00C04F79EFBC}") = "Tyuiu.KasenovAE.Sprint0.Task4.V0.Lib", "Tyuiu.KasenovAE.Sprint0.Task4.V0.Lib\Tyuiu.KasenovAE.Sprint0.Task4.V0.Lib.csproj", "{AD3D6586-2C80-4CA9-AA36-C3C26BA0068A}"
EndProject
Project("{FAE04EC0-301F-11D3-BF4B-00C04F79EFBC}") = "Tyuiu.KasenovAE.Sprint0.Task4.V0.Test", "Tyuiu.KasenovAE.Sprint0.Task4.V0.Test\Tyuiu.KasenovAE.Sprint0.Task4.V0.Test.csproj", "{2B485251-CF1F-43C3-852E-A6C1D6D57B05}"
EndProject
Project("{2150E333-8FDC-42A3-9474-1A3956D46DE8}") = "Task5", "Task5", "{22E7ACFE-0347-4AC6-8F64-9D42D2A87441}"
EndProject
Project("{FAE04EC0-301F-11D3-BF4B-00C04F79EFBC}") = "Tyuiu.KasenovAE.Sprint0.Task5.V0", "Tyuiu.KasenovAE.Sprint0.Task5.V0\Tyuiu.KasenovAE.Sprint0.Task5.V0.csproj", "{F0C47BF4-C367-44DD-8156-EEFBED4F8FD7}"
EndProject
Project("{FAE04EC0-301F-11D3-BF4B-00C04F79EFBC}") = "Tyuiu.KasenovAE.Sprint0.Task5.V0.Test", "Tyuiu.KasenovAE.Sprint0.Task5.V0.Test\Tyuiu.KasenovAE.Sprint0.Task5.V0.Test.csproj", "{54A58113-C3A9-46D7-B01A-33DD12B0C79A}"
EndProject
Project("{FAE04EC0-301F-11D3-BF4B-00C04F79EFBC}") = "Tyuiu.KasenovAE.Sprint0.Task5.V0.Lib", "Tyuiu.KasenovAE.Sprint0.Task5.V0.Lib\Tyuiu.KasenovAE.Sprint0.Task5.V0.Lib.csproj", "{9FF230A5-3AF7-421F-B92B-74CF33623BC0}"
EndProject
Project("{2150E333-8FDC-42A3-9474-1A3956D46DE8}") = "Task6", "Task6", "{6624AF6E-2CEC-477A-B358-B53BE4E91096}"
EndProject
Project("{FAE04EC0-301F-11D3-BF4B-00C04F79EFBC}") = "Tyuiu.KasenovAE.Sprint0.Task6.V0", "Tyuiu.KasenovAE.Sprint0.Task6.V0\Tyuiu.KasenovAE.Sprint0.Task6.V0.csproj", "{30D19AA6-ABFC-4B5E-8EBF-8158379D833F}"
EndProject
Project("{FAE04EC0-301F-11D3-BF4B-00C04F79EFBC}") = "Tyuiu.KasenovAE.Sprint0.Task6.V0.Lib", "Tyuiu.KasenovAE.Sprint0.Task6.V0.Lib\Tyuiu.KasenovAE.Sprint0.Task6.V0.Lib.csproj", "{C6EC8671-C0E5-4923-94F4-A86D389B49C3}"
EndProject
Project("{FAE04EC0-301F-11D3-BF4B-00C04F79EFBC}") = "Tyuiu.KasenovAE.Sprint0.Task6.V0.Test", "Tyuiu.KasenovAE.Sprint0.Task6.V0.Test\Tyuiu.KasenovAE.Sprint0.Task6.V0.Test.csproj", "{E767DD7E-A94E-4A58-8C69-1B03FE2EEA09}"
EndProject
Project("{2150E333-8FDC-42A3-9474-1A3956D46DE8}") = "Task7", "Task7", "{52161B6F-6F02-42CD-8668-EF9CEBEAADB0}"
EndProject
Project("{FAE04EC0-301F-11D3-BF4B-00C04F79EFBC}") = "Tyuiu.KasenovAE.Sprint0.Task7.V0", "Tyuiu.KasenovAE.Sprint0.Task7.V0\Tyuiu.KasenovAE.Sprint0.Task7.V0.csproj", "{E621ACDD-770E-4F59-A263-46C89F69C44A}"
EndProject
Project("{FAE04EC0-301F-11D3-BF4B-00C04F79EFBC}") = "Tyuiu.KasenovAE.Sprint0.Task7.V0.Lib", "Tyuiu.KasenovAE.Sprint0.Task7.V0.Lib\Tyuiu.KasenovAE.Sprint0.Task7.V0.Lib.csproj", "{49BC2776-3B3A-42E1-836C-951F326D9480}"
EndProject
Project("{FAE04EC0-301F-11D3-BF4B-00C04F79EFBC}") = "Tyuiu.KasenovAE.Sprint0.Task7.V0.Test", "Tyuiu.KasenovAE.Sprint0.Task7.V0.Test\Tyuiu.KasenovAE.Sprint0.Task7.V0.Test.csproj", "{492B3269-C61C-412A-8A93-3CF81983CB3A}"
EndProject
Global
	GlobalSection(SolutionConfigurationPlatforms) = preSolution
		Debug|Any CPU = Debug|Any CPU
		Release|Any CPU = Release|Any CPU
	EndGlobalSection
	GlobalSection(ProjectConfigurationPlatforms) = postSolution
		{F1477A45-0857-477A-8CA3-CA2615C6CF1C}.Debug|Any CPU.ActiveCfg = Debug|Any CPU
		{F1477A45-0857-477A-8CA3-CA2615C6CF1C}.Debug|Any CPU.Build.0 = Debug|Any CPU
		{F1477A45-0857-477A-8CA3-CA2615C6CF1C}.Release|Any CPU.ActiveCfg = Release|Any CPU
		{F1477A45-0857-477A-8CA3-CA2615C6CF1C}.Release|Any CPU.Build.0 = Release|Any CPU
		{B90DACE0-1215-472B-A52A-D4EB3CD00B07}.Debug|Any CPU.ActiveCfg = Debug|Any CPU
		{B90DACE0-1215-472B-A52A-D4EB3CD00B07}.Debug|Any CPU.Build.0 = Debug|Any CPU
		{B90DACE0-1215-472B-A52A-D4EB3CD00B07}.Release|Any CPU.ActiveCfg = Release|Any CPU
		{B90DACE0-1215-472B-A52A-D4EB3CD00B07}.Release|Any CPU.Build.0 = Release|Any CPU
		{A17984EB-5AD8-4BB8-BD4B-4526166929D1}.Debug|Any CPU.ActiveCfg = Debug|Any CPU
		{A17984EB-5AD8-4BB8-BD4B-4526166929D1}.Debug|Any CPU.Build.0 = Debug|Any CPU
		{A17984EB-5AD8-4BB8-BD4B-4526166929D1}.Release|Any CPU.ActiveCfg = Release|Any CPU
		{A17984EB-5AD8-4BB8-BD4B-4526166929D1}.Release|Any CPU.Build.0 = Release|Any CPU
		{F77F6FE3-3583-493D-B688-6CD1C31EF990}.Debug|Any CPU.ActiveCfg = Debug|Any CPU
		{F77F6FE3-3583-493D-B688-6CD1C31EF990}.Debug|Any CPU.Build.0 = Debug|Any CPU
		{F77F6FE3-3583-493D-B688-6CD1C31EF990}.Release|Any CPU.ActiveCfg = Release|Any CPU
		{F77F6FE3-3583-493D-B688-6CD1C31EF990}.Release|Any CPU.Build.0 = Release|Any CPU
		{C84E7407-012B-427D-A5CA-171B94743FF8}.Debug|Any CPU.ActiveCfg = Debug|Any CPU
		{C84E7407-012B-427D-A5CA-171B94743FF8}.Debug|Any CPU.Build.0 = Debug|Any CPU
		{C84E7407-012B-427D-A5CA-171B94743FF8}.Release|Any CPU.ActiveCfg = Release|Any CPU
		{C84E7407-012B-427D-A5CA-171B94743FF8}.Release|Any CPU.Build.0 = Release|Any CPU
		{DBA489FC-EBAE-440C-BB6F-4D5FDEB56EDC}.Debug|Any CPU.ActiveCfg = Debug|Any CPU
		{DBA489FC-EBAE-440C-BB6F-4D5FDEB56EDC}.Debug|Any CPU.Build.0 = Debug|Any CPU
		{DBA489FC-EBAE-440C-BB6F-4D5FDEB56EDC}.Release|Any CPU.ActiveCfg = Release|Any CPU
		{DBA489FC-EBAE-440C-BB6F-4D5FDEB56EDC}.Release|Any CPU.Build.0 = Release|Any CPU
		{5DF8423A-566A-4B88-9F0C-F9AE8AB0F9CF}.Debug|Any CPU.ActiveCfg = Debug|Any CPU
		{5DF8423A-566A-4B88-9F0C-F9AE8AB0F9CF}.Debug|Any CPU.Build.0 = Debug|Any CPU
		{5DF8423A-566A-4B88-9F0C-F9AE8AB0F9CF}.Release|Any CPU.ActiveCfg = Release|Any CPU
		{5DF8423A-566A-4B88-9F0C-F9AE8AB0F9CF}.Release|Any CPU.Build.0 = Release|Any CPU
		{867D8895-2631-4E03-884C-BC9CE3FEA819}.Debug|Any CPU.ActiveCfg = Debug|Any CPU
		{867D8895-2631-4E03-884C-BC9CE3FEA819}.Debug|Any CPU.Build.0 = Debug|Any CPU
		{867D8895-2631-4E03-884C-BC9CE3FEA819}.Release|Any CPU.ActiveCfg = Release|Any CPU
		{867D8895-2631-4E03-884C-BC9CE3FEA819}.Release|Any CPU.Build.0 = Release|Any CPU
		{2376F0C0-3F57-42B3-B55E-78984DB0FABC}.Debug|Any CPU.ActiveCfg = Debug|Any CPU
		{2376F0C0-3F57-42B3-B55E-78984DB0FABC}.Debug|Any CPU.Build.0 = Debug|Any CPU
		{2376F0C0-3F57-42B3-B55E-78984DB0FABC}.Release|Any CPU.ActiveCfg = Release|Any CPU
		{2376F0C0-3F57-42B3-B55E-78984DB0FABC}.Release|Any CPU.Build.0 = Release|Any CPU
		{AD3D6586-2C80-4CA9-AA36-C3C26BA0068A}.Debug|Any CPU.ActiveCfg = Debug|Any CPU
		{AD3D6586-2C80-4CA9-AA36-C3C26BA0068A}.Debug|Any CPU.Build.0 = Debug|Any CPU
		{AD3D6586-2C80-4CA9-AA36-C3C26BA0068A}.Release|Any CPU.ActiveCfg = Release|Any CPU
		{AD3D6586-2C80-4CA9-AA36-C3C26BA0068A}.Release|Any CPU.Build.0 = Release|Any CPU
		{2B485251-CF1F-43C3-852E-A6C1D6D57B05}.Debug|Any CPU.ActiveCfg = Debug|Any CPU
		{2B485251-CF1F-43C3-852E-A6C1D6D57B05}.Debug|Any CPU.Build.0 = Debug|Any CPU
		{2B485251-CF1F-43C3-852E-A6C1D6D57B05}.Release|Any CPU.ActiveCfg = Release|Any CPU
		{2B485251-CF1F-43C3-852E-A6C1D6D57B05}.Release|Any CPU.Build.0 = Release|Any CPU
		{F0C47BF4-C367-44DD-8156-EEFBED4F8FD7}.Debug|Any CPU.ActiveCfg = Debug|Any CPU
		{F0C47BF4-C367-44DD-8156-EEFBED4F8FD7}.Debug|Any CPU.Build.0 = Debug|Any CPU
		{F0C47BF4-C367-44DD-8156-EEFBED4F8FD7}.Release|Any CPU.ActiveCfg = Release|Any CPU
		{F0C47BF4-C367-44DD-8156-EEFBED4F8FD7}.Release|Any CPU.Build.0 = Release|Any CPU
		{54A58113-C3A9-46D7-B01A-33DD12B0C79A}.Debug|Any CPU.ActiveCfg = Debug|Any CPU
		{54A58113-C3A9-46D7-B01A-33DD12B0C79A}.Debug|Any CPU.Build.0 = Debug|Any CPU
		{54A58113-C3A9-46D7-B01A-33DD12B0C79A}.Release|Any CPU.ActiveCfg = Release|Any CPU
		{54A58113-C3A9-46D7-B01A-33DD12B0C79A}.Release|Any CPU.Build.0 = Release|Any CPU
		{9FF230A5-3AF7-421F-B92B-74CF33623BC0}.Debug|Any CPU.ActiveCfg = Debug|Any CPU
		{9FF230A5-3AF7-421F-B92B-74CF33623BC0}.Debug|Any CPU.Build.0 = Debug|Any CPU
		{9FF230A5-3AF7-421F-B92B-74CF33623BC0}.Release|Any CPU.ActiveCfg = Release|Any CPU
		{9FF230A5-3AF7-421F-B92B-74CF33623BC0}.Release|Any CPU.Build.0 = Release|Any CPU
		{30D19AA6-ABFC-4B5E-8EBF-8158379D833F}.Debug|Any CPU.ActiveCfg = Debug|Any CPU
		{30D19AA6-ABFC-4B5E-8EBF-8158379D833F}.Debug|Any CPU.Build.0 = Debug|Any CPU
		{30D19AA6-ABFC-4B5E-8EBF-8158379D833F}.Release|Any CPU.ActiveCfg = Release|Any CPU
		{30D19AA6-ABFC-4B5E-8EBF-8158379D833F}.Release|Any CPU.Build.0 = Release|Any CPU
		{C6EC8671-C0E5-4923-94F4-A86D389B49C3}.Debug|Any CPU.ActiveCfg = Debug|Any CPU
		{C6EC8671-C0E5-4923-94F4-A86D389B49C3}.Debug|Any CPU.Build.0 = Debug|Any CPU
		{C6EC8671-C0E5-4923-94F4-A86D389B49C3}.Release|Any CPU.ActiveCfg = Release|Any CPU
		{C6EC8671-C0E5-4923-94F4-A86D389B49C3}.Release|Any CPU.Build.0 = Release|Any CPU
		{E767DD7E-A94E-4A58-8C69-1B03FE2EEA09}.Debug|Any CPU.ActiveCfg = Debug|Any CPU
		{E767DD7E-A94E-4A58-8C69-1B03FE2EEA09}.Debug|Any CPU.Build.0 = Debug|Any CPU
		{E767DD7E-A94E-4A58-8C69-1B03FE2EEA09}.Release|Any CPU.ActiveCfg = Release|Any CPU
		{E767DD7E-A94E-4A58-8C69-1B03FE2EEA09}.Release|Any CPU.Build.0 = Release|Any CPU
		{E621ACDD-770E-4F59-A263-46C89F69C44A}.Debug|Any CPU.ActiveCfg = Debug|Any CPU
		{E621ACDD-770E-4F59-A263-46C89F69C44A}.Debug|Any CPU.Build.0 = Debug|Any CPU
		{E621ACDD-770E-4F59-A263-46C89F69C44A}.Release|Any CPU.ActiveCfg = Release|Any CPU
		{E621ACDD-770E-4F59-A263-46C89F69C44A}.Release|Any CPU.Build.0 = Release|Any CPU
		{49BC2776-3B3A-42E1-836C-951F326D9480}.Debug|Any CPU.ActiveCfg = Debug|Any CPU
		{49BC2776-3B3A-42E1-836C-951F326D9480}.Debug|Any CPU.Build.0 = Debug|Any CPU
		{49BC2776-3B3A-42E1-836C-951F326D9480}.Release|Any CPU.ActiveCfg = Release|Any CPU
		{49BC2776-3B3A-42E1-836C-951F326D9480}.Release|Any CPU.Build.0 = Release|Any CPU
		{492B3269-C61C-412A-8A93-3CF81983CB3A}.Debug|Any CPU.ActiveCfg = Debug|Any CPU
		{492B3269-C61C-412A-8A93-3CF81983CB3A}.Debug|Any CPU.Build.0 = Debug|Any CPU
		{492B3269-C61C-412A-8A93-3CF81983CB3A}.Release|Any CPU.ActiveCfg = Release|Any CPU
		{492B3269-C61C-412A-8A93-3CF81983CB3A}.Release|Any CPU.Build.0 = Release|Any CPU
	EndGlobalSection
	GlobalSection(SolutionProperties) = preSolution
		HideSolutionNode = FALSE
	EndGlobalSection
	GlobalSection(NestedProjects) = preSolution
		{F1477A45-0857-477A-8CA3-CA2615C6CF1C} = {D3C30D4C-E7C6-4972-8112-FCB2EEC9FD33}
		{B90DACE0-1215-472B-A52A-D4EB3CD00B07} = {2BCC2315-8597-4726-9F7A-16D2509CCEA0}
		{A17984EB-5AD8-4BB8-BD4B-4526166929D1} = {17D1AA02-EAD4-4DB8-BCB9-913D890B5AB5}
		{F77F6FE3-3583-493D-B688-6CD1C31EF990} = {17D1AA02-EAD4-4DB8-BCB9-913D890B5AB5}
		{C84E7407-012B-427D-A5CA-171B94743FF8} = {17D1AA02-EAD4-4DB8-BCB9-913D890B5AB5}
		{DBA489FC-EBAE-440C-BB6F-4D5FDEB56EDC} = {9D511894-4A54-42F2-9FCB-1D97B4F2F8B2}
		{5DF8423A-566A-4B88-9F0C-F9AE8AB0F9CF} = {9D511894-4A54-42F2-9FCB-1D97B4F2F8B2}
		{867D8895-2631-4E03-884C-BC9CE3FEA819} = {9D511894-4A54-42F2-9FCB-1D97B4F2F8B2}
		{2376F0C0-3F57-42B3-B55E-78984DB0FABC} = {B6E39531-40CC-43B3-B280-94663DD3C028}
		{AD3D6586-2C80-4CA9-AA36-C3C26BA0068A} = {B6E39531-40CC-43B3-B280-94663DD3C028}
		{2B485251-CF1F-43C3-852E-A6C1D6D57B05} = {B6E39531-40CC-43B3-B280-94663DD3C028}
		{F0C47BF4-C367-44DD-8156-EEFBED4F8FD7} = {22E7ACFE-0347-4AC6-8F64-9D42D2A87441}
		{54A58113-C3A9-46D7-B01A-33DD12B0C79A} = {22E7ACFE-0347-4AC6-8F64-9D42D2A87441}
		{9FF230A5-3AF7-421F-B92B-74CF33623BC0} = {22E7ACFE-0347-4AC6-8F64-9D42D2A87441}
		{30D19AA6-ABFC-4B5E-8EBF-8158379D833F} = {6624AF6E-2CEC-477A-B358-B53BE4E91096}
		{C6EC8671-C0E5-4923-94F4-A86D389B49C3} = {6624AF6E-2CEC-477A-B358-B53BE4E91096}
		{E767DD7E-A94E-4A58-8C69-1B03FE2EEA09} = {6624AF6E-2CEC-477A-B358-B53BE4E91096}
		{E621ACDD-770E-4F59-A263-46C89F69C44A} = {52161B6F-6F02-42CD-8668-EF9CEBEAADB0}
		{49BC2776-3B3A-42E1-836C-951F326D9480} = {52161B6F-6F02-42CD-8668-EF9CEBEAADB0}
		{492B3269-C61C-412A-8A93-3CF81983CB3A} = {52161B6F-6F02-42CD-8668-EF9CEBEAADB0}
	EndGlobalSection
	GlobalSection(ExtensibilityGlobals) = postSolution
		SolutionGuid = {56041787-A167-4D18-9EE7-DB33F99A65AB}
	EndGlobalSection
EndGlobal
